
Microsoft Visual Studio Solution File, Format Version 12.00
# Visual Studio Version 17
VisualStudioVersion = 17.11.35219.272
MinimumVisualStudioVersion = 10.0.40219.1
Project("{FAE04EC0-301F-11D3-BF4B-00C04F79EFBC}") = "ComputerShopll", "ComputerShopll.csproj", "{B72099F2-35FF-4CA5-B0C2-7075318EB903}"
EndProject
Global
	GlobalSection(SolutionConfigurationPlatforms) = preSolution
		Debug|Any CPU = Debug|Any CPU
		Release|Any CPU = Release|Any CPU
	EndGlobalSection
	GlobalSection(ProjectConfigurationPlatforms) = postSolution
		{B72099F2-35FF-4CA5-B0C2-7075318EB903}.Debug|Any CPU.ActiveCfg = Debug|Any CPU
		{B72099F2-35FF-4CA5-B0C2-7075318EB903}.Debug|Any CPU.Build.0 = Debug|Any CPU
		{B72099F2-35FF-4CA5-B0C2-7075318EB903}.Release|Any CPU.ActiveCfg = Release|Any CPU
		{B72099F2-35FF-4CA5-B0C2-7075318EB903}.Release|Any CPU.Build.0 = Release|Any CPU
	EndGlobalSection
	GlobalSection(SolutionProperties) = preSolution
		HideSolutionNode = FALSE
	EndGlobalSection
	GlobalSection(ExtensibilityGlobals) = postSolution
		SolutionGuid = {FA9E967C-9755-422E-882D-88B3211B8ECC}
	EndGlobalSection
EndGlobal
